
Microsoft Visual Studio Solution File, Format Version 12.00
# Visual Studio Version 17
VisualStudioVersion = 17.5.33424.131
MinimumVisualStudioVersion = 10.0.40219.1
Project("{FAE04EC0-301F-11D3-BF4B-00C04F79EFBC}") = "RecipeManager", "RecipeManager\RecipeManager.csproj", "{B39AAB91-DCD7-4478-B840-1695F4E17838}"
EndProject
Global
	GlobalSection(SolutionConfigurationPlatforms) = preSolution
		Debug|Any CPU = Debug|Any CPU
		Release|Any CPU = Release|Any CPU
	EndGlobalSection
	GlobalSection(ProjectConfigurationPlatforms) = postSolution
		{B39AAB91-DCD7-4478-B840-1695F4E17838}.Debug|Any CPU.ActiveCfg = Debug|Any CPU
		{B39AAB91-DCD7-4478-B840-1695F4E17838}.Debug|Any CPU.Build.0 = Debug|Any CPU
		{B39AAB91-DCD7-4478-B840-1695F4E17838}.Release|Any CPU.ActiveCfg = Release|Any CPU
		{B39AAB91-DCD7-4478-B840-1695F4E17838}.Release|Any CPU.Build.0 = Release|Any CPU
	EndGlobalSection
	GlobalSection(SolutionProperties) = preSolution
		HideSolutionNode = FALSE
	EndGlobalSection
	GlobalSection(ExtensibilityGlobals) = postSolution
		SolutionGuid = {591274BD-07FC-4B1B-ACA3-66AB00427340}
	EndGlobalSection
EndGlobal
